// !$*UTF8*$!
{
	archiveVersion = 1;
	classes = {
	};
	objectVersion = 46;
	objects = {

/* Begin PBXBuildFile section */
		8EFA10A31EC19CB000CBE591 /* main.m in Sources */ = {isa = PBXBuildFile; fileRef = 8EFA10A21EC19CB000CBE591 /* main.m */; };
		8EFA10A61EC19CB000CBE591 /* AppDelegate.m in Sources */ = {isa = PBXBuildFile; fileRef = 8EFA10A51EC19CB000CBE591 /* AppDelegate.m */; };
		8EFA10AC1EC19CB000CBE591 /* Main.storyboard in Resources */ = {isa = PBXBuildFile; fileRef = 8EFA10AA1EC19CB000CBE591 /* Main.storyboard */; };
		8EFA10AE1EC19CB000CBE591 /* Assets.xcassets in Resources */ = {isa = PBXBuildFile; fileRef = 8EFA10AD1EC19CB000CBE591 /* Assets.xcassets */; };
		8EFA10B11EC19CB000CBE591 /* LaunchScreen.storyboard in Resources */ = {isa = PBXBuildFile; fileRef = 8EFA10AF1EC19CB000CBE591 /* LaunchScreen.storyboard */; };
		8EFA10BC1EC19CB000CBE591 /* BasicStructureTests.m in Sources */ = {isa = PBXBuildFile; fileRef = 8EFA10BB1EC19CB000CBE591 /* BasicStructureTests.m */; };
		8EFA10C71EC19CB000CBE591 /* BasicStructureUITests.m in Sources */ = {isa = PBXBuildFile; fileRef = 8EFA10C61EC19CB000CBE591 /* BasicStructureUITests.m */; };
		8EFA10E81EC19D6000CBE591 /* MainTabBarViewController.m in Sources */ = {isa = PBXBuildFile; fileRef = 8EFA10E71EC19D6000CBE591 /* MainTabBarViewController.m */; };
		8EFA10EB1EC19D8000CBE591 /* MainNavigationController.m in Sources */ = {isa = PBXBuildFile; fileRef = 8EFA10EA1EC19D8000CBE591 /* MainNavigationController.m */; };
		8EFA10EE1EC19D9000CBE591 /* HomeViewController.m in Sources */ = {isa = PBXBuildFile; fileRef = 8EFA10ED1EC19D9000CBE591 /* HomeViewController.m */; };
		8EFA10F11EC19D9B00CBE591 /* DiscoverViewController.m in Sources */ = {isa = PBXBuildFile; fileRef = 8EFA10F01EC19D9B00CBE591 /* DiscoverViewController.m */; };
		8EFA10F41EC19DA700CBE591 /* InfoViewController.m in Sources */ = {isa = PBXBuildFile; fileRef = 8EFA10F31EC19DA700CBE591 /* InfoViewController.m */; };
		8EFA10F71EC19DB200CBE591 /* TimeViewController.m in Sources */ = {isa = PBXBuildFile; fileRef = 8EFA10F61EC19DB200CBE591 /* TimeViewController.m */; };
		8EFA10FA1EC1A31E00CBE591 /* XYTabBar.m in Sources */ = {isa = PBXBuildFile; fileRef = 8EFA10F91EC1A31E00CBE591 /* XYTabBar.m */; };
		8EFA10FE1EC1A51C00CBE591 /* UIView+XYExtension.m in Sources */ = {isa = PBXBuildFile; fileRef = 8EFA10FD1EC1A51C00CBE591 /* UIView+XYExtension.m */; };
/* End PBXBuildFile section */

/* Begin PBXContainerItemProxy section */
		8EFA10B81EC19CB000CBE591 /* PBXContainerItemProxy */ = {
			isa = PBXContainerItemProxy;
			containerPortal = 8EFA10961EC19CB000CBE591 /* Project object */;
			proxyType = 1;
			remoteGlobalIDString = 8EFA109D1EC19CB000CBE591;
			remoteInfo = BasicStructure;
		};
		8EFA10C31EC19CB000CBE591 /* PBXContainerItemProxy */ = {
			isa = PBXContainerItemProxy;
			containerPortal = 8EFA10961EC19CB000CBE591 /* Project object */;
			proxyType = 1;
			remoteGlobalIDString = 8EFA109D1EC19CB000CBE591;
			remoteInfo = BasicStructure;
		};
/* End PBXContainerItemProxy section */

/* Begin PBXFileReference section */
		8EFA109E1EC19CB000CBE591 /* BasicStructure.app */ = {isa = PBXFileReference; explicitFileType = wrapper.application; includeInIndex = 0; path = BasicStructure.app; sourceTree = BUILT_PRODUCTS_DIR; };
		8EFA10A21EC19CB000CBE591 /* main.m */ = {isa = PBXFileReference; lastKnownFileType = sourcecode.c.objc; path = main.m; sourceTree = "<group>"; };
		8EFA10A41EC19CB000CBE591 /* AppDelegate.h */ = {isa = PBXFileReference; lastKnownFileType = sourcecode.c.h; path = AppDelegate.h; sourceTree = "<group>"; };
		8EFA10A51EC19CB000CBE591 /* AppDelegate.m */ = {isa = PBXFileReference; lastKnownFileType = sourcecode.c.objc; path = AppDelegate.m; sourceTree = "<group>"; };
		8EFA10AB1EC19CB000CBE591 /* Base */ = {isa = PBXFileReference; lastKnownFileType = file.storyboard; name = Base; path = Base.lproj/Main.storyboard; sourceTree = "<group>"; };
		8EFA10AD1EC19CB000CBE591 /* Assets.xcassets */ = {isa = PBXFileReference; lastKnownFileType = folder.assetcatalog; path = Assets.xcassets; sourceTree = "<group>"; };
		8EFA10B01EC19CB000CBE591 /* Base */ = {isa = PBXFileReference; lastKnownFileType = file.storyboard; name = Base; path = Base.lproj/LaunchScreen.storyboard; sourceTree = "<group>"; };
		8EFA10B21EC19CB000CBE591 /* Info.plist */ = {isa = PBXFileReference; lastKnownFileType = text.plist.xml; path = Info.plist; sourceTree = "<group>"; };
		8EFA10B71EC19CB000CBE591 /* BasicStructureTests.xctest */ = {isa = PBXFileReference; explicitFileType = wrapper.cfbundle; includeInIndex = 0; path = BasicStructureTests.xctest; sourceTree = BUILT_PRODUCTS_DIR; };
		8EFA10BB1EC19CB000CBE591 /* BasicStructureTests.m */ = {isa = PBXFileReference; lastKnownFileType = sourcecode.c.objc; path = BasicStructureTests.m; sourceTree = "<group>"; };
		8EFA10BD1EC19CB000CBE591 /* Info.plist */ = {isa = PBXFileReference; lastKnownFileType = text.plist.xml; path = Info.plist; sourceTree = "<group>"; };
		8EFA10C21EC19CB000CBE591 /* BasicStructureUITests.xctest */ = {isa = PBXFileReference; explicitFileType = wrapper.cfbundle; includeInIndex = 0; path = BasicStructureUITests.xctest; sourceTree = BUILT_PRODUCTS_DIR; };
		8EFA10C61EC19CB000CBE591 /* BasicStructureUITests.m */ = {isa = PBXFileReference; lastKnownFileType = sourcecode.c.objc; path = BasicStructureUITests.m; sourceTree = "<group>"; };
		8EFA10C81EC19CB000CBE591 /* Info.plist */ = {isa = PBXFileReference; lastKnownFileType = text.plist.xml; path = Info.plist; sourceTree = "<group>"; };
		8EFA10E61EC19D6000CBE591 /* MainTabBarViewController.h */ = {isa = PBXFileReference; fileEncoding = 4; lastKnownFileType = sourcecode.c.h; path = MainTabBarViewController.h; sourceTree = "<group>"; };
		8EFA10E71EC19D6000CBE591 /* MainTabBarViewController.m */ = {isa = PBXFileReference; fileEncoding = 4; lastKnownFileType = sourcecode.c.objc; path = MainTabBarViewController.m; sourceTree = "<group>"; };
		8EFA10E91EC19D8000CBE591 /* MainNavigationController.h */ = {isa = PBXFileReference; fileEncoding = 4; lastKnownFileType = sourcecode.c.h; path = MainNavigationController.h; sourceTree = "<group>"; };
		8EFA10EA1EC19D8000CBE591 /* MainNavigationController.m */ = {isa = PBXFileReference; fileEncoding = 4; lastKnownFileType = sourcecode.c.objc; path = MainNavigationController.m; sourceTree = "<group>"; };
		8EFA10EC1EC19D9000CBE591 /* HomeViewController.h */ = {isa = PBXFileReference; fileEncoding = 4; lastKnownFileType = sourcecode.c.h; path = HomeViewController.h; sourceTree = "<group>"; };
		8EFA10ED1EC19D9000CBE591 /* HomeViewController.m */ = {isa = PBXFileReference; fileEncoding = 4; lastKnownFileType = sourcecode.c.objc; path = HomeViewController.m; sourceTree = "<group>"; };
		8EFA10EF1EC19D9B00CBE591 /* DiscoverViewController.h */ = {isa = PBXFileReference; fileEncoding = 4; lastKnownFileType = sourcecode.c.h; path = DiscoverViewController.h; sourceTree = "<group>"; };
		8EFA10F01EC19D9B00CBE591 /* DiscoverViewController.m */ = {isa = PBXFileReference; fileEncoding = 4; lastKnownFileType = sourcecode.c.objc; path = DiscoverViewController.m; sourceTree = "<group>"; };
		8EFA10F21EC19DA700CBE591 /* InfoViewController.h */ = {isa = PBXFileReference; fileEncoding = 4; lastKnownFileType = sourcecode.c.h; path = InfoViewController.h; sourceTree = "<group>"; };
		8EFA10F31EC19DA700CBE591 /* InfoViewController.m */ = {isa = PBXFileReference; fileEncoding = 4; lastKnownFileType = sourcecode.c.objc; path = InfoViewController.m; sourceTree = "<group>"; };
		8EFA10F51EC19DB200CBE591 /* TimeViewController.h */ = {isa = PBXFileReference; fileEncoding = 4; lastKnownFileType = sourcecode.c.h; path = TimeViewController.h; sourceTree = "<group>"; };
		8EFA10F61EC19DB200CBE591 /* TimeViewController.m */ = {isa = PBXFileReference; fileEncoding = 4; lastKnownFileType = sourcecode.c.objc; path = TimeViewController.m; sourceTree = "<group>"; };
		8EFA10F81EC1A31E00CBE591 /* XYTabBar.h */ = {isa = PBXFileReference; fileEncoding = 4; lastKnownFileType = sourcecode.c.h; path = XYTabBar.h; sourceTree = "<group>"; };
		8EFA10F91EC1A31E00CBE591 /* XYTabBar.m */ = {isa = PBXFileReference; fileEncoding = 4; lastKnownFileType = sourcecode.c.objc; path = XYTabBar.m; sourceTree = "<group>"; };
		8EFA10FC1EC1A51C00CBE591 /* UIView+XYExtension.h */ = {isa = PBXFileReference; fileEncoding = 4; lastKnownFileType = sourcecode.c.h; path = "UIView+XYExtension.h"; sourceTree = "<group>"; };
		8EFA10FD1EC1A51C00CBE591 /* UIView+XYExtension.m */ = {isa = PBXFileReference; fileEncoding = 4; lastKnownFileType = sourcecode.c.objc; path = "UIView+XYExtension.m"; sourceTree = "<group>"; };
/* End PBXFileReference section */

/* Begin PBXFrameworksBuildPhase section */
		8EFA109B1EC19CB000CBE591 /* Frameworks */ = {
			isa = PBXFrameworksBuildPhase;
			buildActionMask = 2147483647;
			files = (
			);
			runOnlyForDeploymentPostprocessing = 0;
		};
		8EFA10B41EC19CB000CBE591 /* Frameworks */ = {
			isa = PBXFrameworksBuildPhase;
			buildActionMask = 2147483647;
			files = (
			);
			runOnlyForDeploymentPostprocessing = 0;
		};
		8EFA10BF1EC19CB000CBE591 /* Frameworks */ = {
			isa = PBXFrameworksBuildPhase;
			buildActionMask = 2147483647;
			files = (
			);
			runOnlyForDeploymentPostprocessing = 0;
		};
/* End PBXFrameworksBuildPhase section */

/* Begin PBXGroup section */
		8EFA10951EC19CB000CBE591 = {
			isa = PBXGroup;
			children = (
				8EFA10A01EC19CB000CBE591 /* BasicStructure */,
				8EFA10BA1EC19CB000CBE591 /* BasicStructureTests */,
				8EFA10C51EC19CB000CBE591 /* BasicStructureUITests */,
				8EFA109F1EC19CB000CBE591 /* Products */,
			);
			sourceTree = "<group>";
		};
		8EFA109F1EC19CB000CBE591 /* Products */ = {
			isa = PBXGroup;
			children = (
				8EFA109E1EC19CB000CBE591 /* BasicStructure.app */,
				8EFA10B71EC19CB000CBE591 /* BasicStructureTests.xctest */,
				8EFA10C21EC19CB000CBE591 /* BasicStructureUITests.xctest */,
			);
			name = Products;
			sourceTree = "<group>";
		};
		8EFA10A01EC19CB000CBE591 /* BasicStructure */ = {
			isa = PBXGroup;
			children = (
				8EFA10E41EC19D4C00CBE591 /* Other */,
				8EFA10D41EC19D1800CBE591 /* Discover */,
				8EFA10D81EC19D1900CBE591 /* Home */,
				8EFA10DC1EC19D1900CBE591 /* Info */,
				8EFA10E01EC19D1900CBE591 /* Time */,
				8EFA10A41EC19CB000CBE591 /* AppDelegate.h */,
				8EFA10A51EC19CB000CBE591 /* AppDelegate.m */,
				8EFA10AA1EC19CB000CBE591 /* Main.storyboard */,
				8EFA10AD1EC19CB000CBE591 /* Assets.xcassets */,
				8EFA10AF1EC19CB000CBE591 /* LaunchScreen.storyboard */,
				8EFA10B21EC19CB000CBE591 /* Info.plist */,
				8EFA10A11EC19CB000CBE591 /* Supporting Files */,
			);
			path = BasicStructure;
			sourceTree = "<group>";
		};
		8EFA10A11EC19CB000CBE591 /* Supporting Files */ = {
			isa = PBXGroup;
			children = (
				8EFA10A21EC19CB000CBE591 /* main.m */,
			);
			name = "Supporting Files";
			sourceTree = "<group>";
		};
		8EFA10BA1EC19CB000CBE591 /* BasicStructureTests */ = {
			isa = PBXGroup;
			children = (
				8EFA10BB1EC19CB000CBE591 /* BasicStructureTests.m */,
				8EFA10BD1EC19CB000CBE591 /* Info.plist */,
			);
			path = BasicStructureTests;
			sourceTree = "<group>";
		};
		8EFA10C51EC19CB000CBE591 /* BasicStructureUITests */ = {
			isa = PBXGroup;
			children = (
				8EFA10C61EC19CB000CBE591 /* BasicStructureUITests.m */,
				8EFA10C81EC19CB000CBE591 /* Info.plist */,
			);
			path = BasicStructureUITests;
			sourceTree = "<group>";
		};
		8EFA10D41EC19D1800CBE591 /* Discover */ = {
			isa = PBXGroup;
			children = (
				8EFA10D51EC19D1800CBE591 /* Controller */,
				8EFA10D61EC19D1800CBE591 /* Model */,
				8EFA10D71EC19D1900CBE591 /* View */,
			);
			path = Discover;
			sourceTree = "<group>";
		};
		8EFA10D51EC19D1800CBE591 /* Controller */ = {
			isa = PBXGroup;
			children = (
				8EFA10EF1EC19D9B00CBE591 /* DiscoverViewController.h */,
				8EFA10F01EC19D9B00CBE591 /* DiscoverViewController.m */,
			);
			path = Controller;
			sourceTree = "<group>";
		};
		8EFA10D61EC19D1800CBE591 /* Model */ = {
			isa = PBXGroup;
			children = (
			);
			path = Model;
			sourceTree = "<group>";
		};
		8EFA10D71EC19D1900CBE591 /* View */ = {
			isa = PBXGroup;
			children = (
			);
			path = View;
			sourceTree = "<group>";
		};
		8EFA10D81EC19D1900CBE591 /* Home */ = {
			isa = PBXGroup;
			children = (
				8EFA10D91EC19D1900CBE591 /* Controller */,
				8EFA10DA1EC19D1900CBE591 /* Model */,
				8EFA10DB1EC19D1900CBE591 /* View */,
			);
			path = Home;
			sourceTree = "<group>";
		};
		8EFA10D91EC19D1900CBE591 /* Controller */ = {
			isa = PBXGroup;
			children = (
				8EFA10EC1EC19D9000CBE591 /* HomeViewController.h */,
				8EFA10ED1EC19D9000CBE591 /* HomeViewController.m */,
			);
			path = Controller;
			sourceTree = "<group>";
		};
		8EFA10DA1EC19D1900CBE591 /* Model */ = {
			isa = PBXGroup;
			children = (
			);
			path = Model;
			sourceTree = "<group>";
		};
		8EFA10DB1EC19D1900CBE591 /* View */ = {
			isa = PBXGroup;
			children = (
			);
			path = View;
			sourceTree = "<group>";
		};
		8EFA10DC1EC19D1900CBE591 /* Info */ = {
			isa = PBXGroup;
			children = (
				8EFA10DD1EC19D1900CBE591 /* Controller */,
				8EFA10DE1EC19D1900CBE591 /* Model */,
				8EFA10DF1EC19D1900CBE591 /* View */,
			);
			path = Info;
			sourceTree = "<group>";
		};
		8EFA10DD1EC19D1900CBE591 /* Controller */ = {
			isa = PBXGroup;
			children = (
				8EFA10F21EC19DA700CBE591 /* InfoViewController.h */,
				8EFA10F31EC19DA700CBE591 /* InfoViewController.m */,
			);
			path = Controller;
			sourceTree = "<group>";
		};
		8EFA10DE1EC19D1900CBE591 /* Model */ = {
			isa = PBXGroup;
			children = (
			);
			path = Model;
			sourceTree = "<group>";
		};
		8EFA10DF1EC19D1900CBE591 /* View */ = {
			isa = PBXGroup;
			children = (
			);
			path = View;
			sourceTree = "<group>";
		};
		8EFA10E01EC19D1900CBE591 /* Time */ = {
			isa = PBXGroup;
			children = (
				8EFA10E11EC19D1900CBE591 /* Controller */,
				8EFA10E21EC19D1900CBE591 /* Model */,
				8EFA10E31EC19D1900CBE591 /* View */,
			);
			path = Time;
			sourceTree = "<group>";
		};
		8EFA10E11EC19D1900CBE591 /* Controller */ = {
			isa = PBXGroup;
			children = (
				8EFA10F51EC19DB200CBE591 /* TimeViewController.h */,
				8EFA10F61EC19DB200CBE591 /* TimeViewController.m */,
			);
			path = Controller;
			sourceTree = "<group>";
		};
		8EFA10E21EC19D1900CBE591 /* Model */ = {
			isa = PBXGroup;
			children = (
			);
			path = Model;
			sourceTree = "<group>";
		};
		8EFA10E31EC19D1900CBE591 /* View */ = {
			isa = PBXGroup;
			children = (
			);
			path = View;
			sourceTree = "<group>";
		};
		8EFA10E41EC19D4C00CBE591 /* Other */ = {
			isa = PBXGroup;
			children = (
				8EFA10FB1EC1A51C00CBE591 /* Category */,
				8EFA10E51EC19D4C00CBE591 /* Base */,
			);
			path = Other;
			sourceTree = "<group>";
		};
		8EFA10E51EC19D4C00CBE591 /* Base */ = {
			isa = PBXGroup;
			children = (
				8EFA10E61EC19D6000CBE591 /* MainTabBarViewController.h */,
				8EFA10E71EC19D6000CBE591 /* MainTabBarViewController.m */,
				8EFA10E91EC19D8000CBE591 /* MainNavigationController.h */,
				8EFA10EA1EC19D8000CBE591 /* MainNavigationController.m */,
				8EFA10F81EC1A31E00CBE591 /* XYTabBar.h */,
				8EFA10F91EC1A31E00CBE591 /* XYTabBar.m */,
			);
			path = Base;
			sourceTree = "<group>";
		};
		8EFA10FB1EC1A51C00CBE591 /* Category */ = {
			isa = PBXGroup;
			children = (
				8EFA10FC1EC1A51C00CBE591 /* UIView+XYExtension.h */,
				8EFA10FD1EC1A51C00CBE591 /* UIView+XYExtension.m */,
			);
			path = Category;
			sourceTree = "<group>";
		};
/* End PBXGroup section */

/* Begin PBXNativeTarget section */
		8EFA109D1EC19CB000CBE591 /* BasicStructure */ = {
			isa = PBXNativeTarget;
			buildConfigurationList = 8EFA10CB1EC19CB000CBE591 /* Build configuration list for PBXNativeTarget "BasicStructure" */;
			buildPhases = (
				8EFA109A1EC19CB000CBE591 /* Sources */,
				8EFA109B1EC19CB000CBE591 /* Frameworks */,
				8EFA109C1EC19CB000CBE591 /* Resources */,
			);
			buildRules = (
			);
			dependencies = (
			);
			name = BasicStructure;
			productName = BasicStructure;
			productReference = 8EFA109E1EC19CB000CBE591 /* BasicStructure.app */;
			productType = "com.apple.product-type.application";
		};
		8EFA10B61EC19CB000CBE591 /* BasicStructureTests */ = {
			isa = PBXNativeTarget;
			buildConfigurationList = 8EFA10CE1EC19CB000CBE591 /* Build configuration list for PBXNativeTarget "BasicStructureTests" */;
			buildPhases = (
				8EFA10B31EC19CB000CBE591 /* Sources */,
				8EFA10B41EC19CB000CBE591 /* Frameworks */,
				8EFA10B51EC19CB000CBE591 /* Resources */,
			);
			buildRules = (
			);
			dependencies = (
				8EFA10B91EC19CB000CBE591 /* PBXTargetDependency */,
			);
			name = BasicStructureTests;
			productName = BasicStructureTests;
			productReference = 8EFA10B71EC19CB000CBE591 /* BasicStructureTests.xctest */;
			productType = "com.apple.product-type.bundle.unit-test";
		};
		8EFA10C11EC19CB000CBE591 /* BasicStructureUITests */ = {
			isa = PBXNativeTarget;
			buildConfigurationList = 8EFA10D11EC19CB000CBE591 /* Build configuration list for PBXNativeTarget "BasicStructureUITests" */;
			buildPhases = (
				8EFA10BE1EC19CB000CBE591 /* Sources */,
				8EFA10BF1EC19CB000CBE591 /* Frameworks */,
				8EFA10C01EC19CB000CBE591 /* Resources */,
			);
			buildRules = (
			);
			dependencies = (
				8EFA10C41EC19CB000CBE591 /* PBXTargetDependency */,
			);
			name = BasicStructureUITests;
			productName = BasicStructureUITests;
			productReference = 8EFA10C21EC19CB000CBE591 /* BasicStructureUITests.xctest */;
			productType = "com.apple.product-type.bundle.ui-testing";
		};
/* End PBXNativeTarget section */

/* Begin PBXProject section */
		8EFA10961EC19CB000CBE591 /* Project object */ = {
			isa = PBXProject;
			attributes = {
				LastUpgradeCheck = 0830;
				ORGANIZATIONNAME = mxy;
				TargetAttributes = {
					8EFA109D1EC19CB000CBE591 = {
						CreatedOnToolsVersion = 8.3;
						ProvisioningStyle = Automatic;
					};
					8EFA10B61EC19CB000CBE591 = {
						CreatedOnToolsVersion = 8.3;
						ProvisioningStyle = Automatic;
						TestTargetID = 8EFA109D1EC19CB000CBE591;
					};
					8EFA10C11EC19CB000CBE591 = {
						CreatedOnToolsVersion = 8.3;
						ProvisioningStyle = Automatic;
						TestTargetID = 8EFA109D1EC19CB000CBE591;
					};
				};
			};
			buildConfigurationList = 8EFA10991EC19CB000CBE591 /* Build configuration list for PBXProject "BasicStructure" */;
			compatibilityVersion = "Xcode 3.2";
			developmentRegion = English;
			hasScannedForEncodings = 0;
			knownRegions = (
				en,
				Base,
			);
			mainGroup = 8EFA10951EC19CB000CBE591;
			productRefGroup = 8EFA109F1EC19CB000CBE591 /* Products */;
			projectDirPath = "";
			projectRoot = "";
			targets = (
				8EFA109D1EC19CB000CBE591 /* BasicStructure */,
				8EFA10B61EC19CB000CBE591 /* BasicStructureTests */,
				8EFA10C11EC19CB000CBE591 /* BasicStructureUITests */,
			);
		};
/* End PBXProject section */

/* Begin PBXResourcesBuildPhase section */
		8EFA109C1EC19CB000CBE591 /* Resources */ = {
			isa = PBXResourcesBuildPhase;
			buildActionMask = 2147483647;
			files = (
				8EFA10B11EC19CB000CBE591 /* LaunchScreen.storyboard in Resources */,
				8EFA10AE1EC19CB000CBE591 /* Assets.xcassets in Resources */,
				8EFA10AC1EC19CB000CBE591 /* Main.storyboard in Resources */,
			);
			runOnlyForDeploymentPostprocessing = 0;
		};
		8EFA10B51EC19CB000CBE591 /* Resources */ = {
			isa = PBXResourcesBuildPhase;
			buildActionMask = 2147483647;
			files = (
			);
			runOnlyForDeploymentPostprocessing = 0;
		};
		8EFA10C01EC19CB000CBE591 /* Resources */ = {
			isa = PBXResourcesBuildPhase;
			buildActionMask = 2147483647;
			files = (
			);
			runOnlyForDeploymentPostprocessing = 0;
		};
/* End PBXResourcesBuildPhase section */

/* Begin PBXSourcesBuildPhase section */
		8EFA109A1EC19CB000CBE591 /* Sources */ = {
			isa = PBXSourcesBuildPhase;
			buildActionMask = 2147483647;
			files = (
				8EFA10E81EC19D6000CBE591 /* MainTabBarViewController.m in Sources */,
				8EFA10F11EC19D9B00CBE591 /* DiscoverViewController.m in Sources */,
				8EFA10A61EC19CB000CBE591 /* AppDelegate.m in Sources */,
				8EFA10EB1EC19D8000CBE591 /* MainNavigationController.m in Sources */,
				8EFA10EE1EC19D9000CBE591 /* HomeViewController.m in Sources */,
				8EFA10FE1EC1A51C00CBE591 /* UIView+XYExtension.m in Sources */,
				8EFA10F71EC19DB200CBE591 /* TimeViewController.m in Sources */,
				8EFA10F41EC19DA700CBE591 /* InfoViewController.m in Sources */,
				8EFA10A31EC19CB000CBE591 /* main.m in Sources */,
				8EFA10FA1EC1A31E00CBE591 /* XYTabBar.m in Sources */,
			);
			runOnlyForDeploymentPostprocessing = 0;
		};
		8EFA10B31EC19CB000CBE591 /* Sources */ = {
			isa = PBXSourcesBuildPhase;
			buildActionMask = 2147483647;
			files = (
				8EFA10BC1EC19CB000CBE591 /* BasicStructureTests.m in Sources */,
			);
			runOnlyForDeploymentPostprocessing = 0;
		};
		8EFA10BE1EC19CB000CBE591 /* Sources */ = {
			isa = PBXSourcesBuildPhase;
			buildActionMask = 2147483647;
			files = (
				8EFA10C71EC19CB000CBE591 /* BasicStructureUITests.m in Sources */,
			);
			runOnlyForDeploymentPostprocessing = 0;
		};
/* End PBXSourcesBuildPhase section */

/* Begin PBXTargetDependency section */
		8EFA10B91EC19CB000CBE591 /* PBXTargetDependency */ = {
			isa = PBXTargetDependency;
			target = 8EFA109D1EC19CB000CBE591 /* BasicStructure */;
			targetProxy = 8EFA10B81EC19CB000CBE591 /* PBXContainerItemProxy */;
		};
		8EFA10C41EC19CB000CBE591 /* PBXTargetDependency */ = {
			isa = PBXTargetDependency;
			target = 8EFA109D1EC19CB000CBE591 /* BasicStructure */;
			targetProxy = 8EFA10C31EC19CB000CBE591 /* PBXContainerItemProxy */;
		};
/* End PBXTargetDependency section */

/* Begin PBXVariantGroup section */
		8EFA10AA1EC19CB000CBE591 /* Main.storyboard */ = {
			isa = PBXVariantGroup;
			children = (
				8EFA10AB1EC19CB000CBE591 /* Base */,
			);
			name = Main.storyboard;
			sourceTree = "<group>";
		};
		8EFA10AF1EC19CB000CBE591 /* LaunchScreen.storyboard */ = {
			isa = PBXVariantGroup;
			children = (
				8EFA10B01EC19CB000CBE591 /* Base */,
			);
			name = LaunchScreen.storyboard;
			sourceTree = "<group>";
		};
/* End PBXVariantGroup section */

/* Begin XCBuildConfiguration section */
		8EFA10C91EC19CB000CBE591 /* Debug */ = {
			isa = XCBuildConfiguration;
			buildSettings = {
				ALWAYS_SEARCH_USER_PATHS = NO;
				CLANG_ANALYZER_NONNULL = YES;
				CLANG_ANALYZER_NUMBER_OBJECT_CONVERSION = YES_AGGRESSIVE;
				CLANG_CXX_LANGUAGE_STANDARD = "gnu++0x";
				CLANG_CXX_LIBRARY = "libc++";
				CLANG_ENABLE_MODULES = YES;
				CLANG_ENABLE_OBJC_ARC = YES;
				CLANG_WARN_BOOL_CONVERSION = YES;
				CLANG_WARN_CONSTANT_CONVERSION = YES;
				CLANG_WARN_DIRECT_OBJC_ISA_USAGE = YES_ERROR;
				CLANG_WARN_DOCUMENTATION_COMMENTS = YES;
				CLANG_WARN_EMPTY_BODY = YES;
				CLANG_WARN_ENUM_CONVERSION = YES;
				CLANG_WARN_INFINITE_RECURSION = YES;
				CLANG_WARN_INT_CONVERSION = YES;
				CLANG_WARN_OBJC_ROOT_CLASS = YES_ERROR;
				CLANG_WARN_SUSPICIOUS_MOVE = YES;
				CLANG_WARN_UNREACHABLE_CODE = YES;
				CLANG_WARN__DUPLICATE_METHOD_MATCH = YES;
				"CODE_SIGN_IDENTITY[sdk=iphoneos*]" = "iPhone Developer";
				COPY_PHASE_STRIP = NO;
				DEBUG_INFORMATION_FORMAT = dwarf;
				ENABLE_STRICT_OBJC_MSGSEND = YES;
				ENABLE_TESTABILITY = YES;
				GCC_C_LANGUAGE_STANDARD = gnu99;
				GCC_DYNAMIC_NO_PIC = NO;
				GCC_NO_COMMON_BLOCKS = YES;
				GCC_OPTIMIZATION_LEVEL = 0;
				GCC_PREPROCESSOR_DEFINITIONS = (
					"DEBUG=1",
					"$(inherited)",
				);
				GCC_WARN_64_TO_32_BIT_CONVERSION = YES;
				GCC_WARN_ABOUT_RETURN_TYPE = YES_ERROR;
				GCC_WARN_UNDECLARED_SELECTOR = YES;
				GCC_WARN_UNINITIALIZED_AUTOS = YES_AGGRESSIVE;
				GCC_WARN_UNUSED_FUNCTION = YES;
				GCC_WARN_UNUSED_VARIABLE = YES;
				IPHONEOS_DEPLOYMENT_TARGET = 10.3;
				MTL_ENABLE_DEBUG_INFO = YES;
				ONLY_ACTIVE_ARCH = YES;
				SDKROOT = iphoneos;
				TARGETED_DEVICE_FAMILY = "1,2";
			};
			name = Debug;
		};
		8EFA10CA1EC19CB000CBE591 /* Release */ = {
			isa = XCBuildConfiguration;
			buildSettings = {
				ALWAYS_SEARCH_USER_PATHS = NO;
				CLANG_ANALYZER_NONNULL = YES;
				CLANG_ANALYZER_NUMBER_OBJECT_CONVERSION = YES_AGGRESSIVE;
				CLANG_CXX_LANGUAGE_STANDARD = "gnu++0x";
				CLANG_CXX_LIBRARY = "libc++";
				CLANG_ENABLE_MODULES = YES;
				CLANG_ENABLE_OBJC_ARC = YES;
				CLANG_WARN_BOOL_CONVERSION = YES;
				CLANG_WARN_CONSTANT_CONVERSION = YES;
				CLANG_WARN_DIRECT_OBJC_ISA_USAGE = YES_ERROR;
				CLANG_WARN_DOCUMENTATION_COMMENTS = YES;
				CLANG_WARN_EMPTY_BODY = YES;
				CLANG_WARN_ENUM_CONVERSION = YES;
				CLANG_WARN_INFINITE_RECURSION = YES;
				CLANG_WARN_INT_CONVERSION = YES;
				CLANG_WARN_OBJC_ROOT_CLASS = YES_ERROR;
				CLANG_WARN_SUSPICIOUS_MOVE = YES;
				CLANG_WARN_UNREACHABLE_CODE = YES;
				CLANG_WARN__DUPLICATE_METHOD_MATCH = YES;
				"CODE_SIGN_IDENTITY[sdk=iphoneos*]" = "iPhone Developer";
				COPY_PHASE_STRIP = NO;
				DEBUG_INFORMATION_FORMAT = "dwarf-with-dsym";
				ENABLE_NS_ASSERTIONS = NO;
				ENABLE_STRICT_OBJC_MSGSEND = YES;
				GCC_C_LANGUAGE_STANDARD = gnu99;
				GCC_NO_COMMON_BLOCKS = YES;
				GCC_WARN_64_TO_32_BIT_CONVERSION = YES;
				GCC_WARN_ABOUT_RETURN_TYPE = YES_ERROR;
				GCC_WARN_UNDECLARED_SELECTOR = YES;
				GCC_WARN_UNINITIALIZED_AUTOS = YES_AGGRESSIVE;
				GCC_WARN_UNUSED_FUNCTION = YES;
				GCC_WARN_UNUSED_VARIABLE = YES;
				IPHONEOS_DEPLOYMENT_TARGET = 10.3;
				MTL_ENABLE_DEBUG_INFO = NO;
				SDKROOT = iphoneos;
				TARGETED_DEVICE_FAMILY = "1,2";
				VALIDATE_PRODUCT = YES;
			};
			name = Release;
		};
		8EFA10CC1EC19CB000CBE591 /* Debug */ = {
			isa = XCBuildConfiguration;
			buildSettings = {
				ASSETCATALOG_COMPILER_APPICON_NAME = AppIcon;
				INFOPLIST_FILE = BasicStructure/Info.plist;
				LD_RUNPATH_SEARCH_PATHS = "$(inherited) @executable_path/Frameworks";
				PRODUCT_BUNDLE_IDENTIFIER = mxy.BasicStructure;
				PRODUCT_NAME = "$(TARGET_NAME)";
			};
			name = Debug;
		};
		8EFA10CD1EC19CB000CBE591 /* Release */ = {
			isa = XCBuildConfiguration;
			buildSettings = {
				ASSETCATALOG_COMPILER_APPICON_NAME = AppIcon;
				INFOPLIST_FILE = BasicStructure/Info.plist;
				LD_RUNPATH_SEARCH_PATHS = "$(inherited) @executable_path/Frameworks";
				PRODUCT_BUNDLE_IDENTIFIER = mxy.BasicStructure;
				PRODUCT_NAME = "$(TARGET_NAME)";
			};
			name = Release;
		};
		8EFA10CF1EC19CB000CBE591 /* Debug */ = {
			isa = XCBuildConfiguration;
			buildSettings = {
				BUNDLE_LOADER = "$(TEST_HOST)";
				INFOPLIST_FILE = BasicStructureTests/Info.plist;
				LD_RUNPATH_SEARCH_PATHS = "$(inherited) @executable_path/Frameworks @loader_path/Frameworks";
				PRODUCT_BUNDLE_IDENTIFIER = mxy.BasicStructureTests;
				PRODUCT_NAME = "$(TARGET_NAME)";
				TEST_HOST = "$(BUILT_PRODUCTS_DIR)/BasicStructure.app/BasicStructure";
			};
			name = Debug;
		};
		8EFA10D01EC19CB000CBE591 /* Release */ = {
			isa = XCBuildConfiguration;
			buildSettings = {
				BUNDLE_LOADER = "$(TEST_HOST)";
				INFOPLIST_FILE = BasicStructureTests/Info.plist;
				LD_RUNPATH_SEARCH_PATHS = "$(inherited) @executable_path/Frameworks @loader_path/Frameworks";
				PRODUCT_BUNDLE_IDENTIFIER = mxy.BasicStructureTests;
				PRODUCT_NAME = "$(TARGET_NAME)";
				TEST_HOST = "$(BUILT_PRODUCTS_DIR)/BasicStructure.app/BasicStructure";
			};
			name = Release;
		};
		8EFA10D21EC19CB000CBE591 /* Debug */ = {
			isa = XCBuildConfiguration;
			buildSettings = {
				INFOPLIST_FILE = BasicStructureUITests/Info.plist;
				LD_RUNPATH_SEARCH_PATHS = "$(inherited) @executable_path/Frameworks @loader_path/Frameworks";
				PRODUCT_BUNDLE_IDENTIFIER = mxy.BasicStructureUITests;
				PRODUCT_NAME = "$(TARGET_NAME)";
				TEST_TARGET_NAME = BasicStructure;
			};
			name = Debug;
		};
		8EFA10D31EC19CB000CBE591 /* Release */ = {
			isa = XCBuildConfiguration;
			buildSettings = {
				INFOPLIST_FILE = BasicStructureUITests/Info.plist;
				LD_RUNPATH_SEARCH_PATHS = "$(inherited) @executable_path/Frameworks @loader_path/Frameworks";
				PRODUCT_BUNDLE_IDENTIFIER = mxy.BasicStructureUITests;
				PRODUCT_NAME = "$(TARGET_NAME)";
				TEST_TARGET_NAME = BasicStructure;
			};
			name = Release;
		};
/* End XCBuildConfiguration section */

/* Begin XCConfigurationList section */
		8EFA10991EC19CB000CBE591 /* Build configuration list for PBXProject "BasicStructure" */ = {
			isa = XCConfigurationList;
			buildConfigurations = (
				8EFA10C91EC19CB000CBE591 /* Debug */,
				8EFA10CA1EC19CB000CBE591 /* Release */,
			);
			defaultConfigurationIsVisible = 0;
			defaultConfigurationName = Release;
		};
		8EFA10CB1EC19CB000CBE591 /* Build configuration list for PBXNativeTarget "BasicStructure" */ = {
			isa = XCConfigurationList;
			buildConfigurations = (
				8EFA10CC1EC19CB000CBE591 /* Debug */,
				8EFA10CD1EC19CB000CBE591 /* Release */,
			);
			defaultConfigurationIsVisible = 0;
		};
		8EFA10CE1EC19CB000CBE591 /* Build configuration list for PBXNativeTarget "BasicStructureTests" */ = {
			isa = XCConfigurationList;
			buildConfigurations = (
				8EFA10CF1EC19CB000CBE591 /* Debug */,
				8EFA10D01EC19CB000CBE591 /* Release */,
			);
			defaultConfigurationIsVisible = 0;
		};
		8EFA10D11EC19CB000CBE591 /* Build configuration list for PBXNativeTarget "BasicStructureUITests" */ = {
			isa = XCConfigurationList;
			buildConfigurations = (
				8EFA10D21EC19CB000CBE591 /* Debug */,
				8EFA10D31EC19CB000CBE591 /* Release */,
			);
			defaultConfigurationIsVisible = 0;
		};
/* End XCConfigurationList section */
	};
	rootObject = 8EFA10961EC19CB000CBE591 /* Project object */;
}
